// !$*UTF8*$!
{
	archiveVersion = 1;
	classes = {
	};
	objectVersion = 46;
	objects = {

/* Begin PBXBuildFile section */
		A018FAE11A303E5F0076C4A0 /* ViewController.xib in Resources */ = {isa = PBXBuildFile; fileRef = A018FAE01A303E5F0076C4A0 /* ViewController.xib */; };
		A018FAE31A303F750076C4A0 /* MapKit.framework in Frameworks */ = {isa = PBXBuildFile; fileRef = A018FAE21A303F750076C4A0 /* MapKit.framework */; };
		A03824471A420D04000C666B /* Superpin.framework in Frameworks */ = {isa = PBXBuildFile; fileRef = A03824461A420D04000C666B /* Superpin.framework */; };
		A038244A1A420D18000C666B /* SPAirport.m in Sources */ = {isa = PBXBuildFile; fileRef = A03824491A420D18000C666B /* SPAirport.m */; };
		A038244C1A420D1E000C666B /* Airports.plist in Resources */ = {isa = PBXBuildFile; fileRef = A038244B1A420D1E000C666B /* Airports.plist */; };
		A03824501A42100D000C666B /* Foundation.framework in Frameworks */ = {isa = PBXBuildFile; fileRef = A038244F1A42100D000C666B /* Foundation.framework */; };
		A03824521A421013000C666B /* CoreGraphics.framework in Frameworks */ = {isa = PBXBuildFile; fileRef = A03824511A421013000C666B /* CoreGraphics.framework */; };
		A03824541A421019000C666B /* UIKit.framework in Frameworks */ = {isa = PBXBuildFile; fileRef = A03824531A421019000C666B /* UIKit.framework */; };
		A090FF7A1A20F9B90040A4B4 /* main.m in Sources */ = {isa = PBXBuildFile; fileRef = A090FF791A20F9B90040A4B4 /* main.m */; };
		A090FF7D1A20F9B90040A4B4 /* AppDelegate.m in Sources */ = {isa = PBXBuildFile; fileRef = A090FF7C1A20F9B90040A4B4 /* AppDelegate.m */; };
		A090FF801A20F9B90040A4B4 /* ViewController.m in Sources */ = {isa = PBXBuildFile; fileRef = A090FF7F1A20F9B90040A4B4 /* ViewController.m */; };
		A090FF851A20F9B90040A4B4 /* Images.xcassets in Resources */ = {isa = PBXBuildFile; fileRef = A090FF841A20F9B90040A4B4 /* Images.xcassets */; };
		A090FF881A20F9B90040A4B4 /* LaunchScreen.xib in Resources */ = {isa = PBXBuildFile; fileRef = A090FF861A20F9B90040A4B4 /* LaunchScreen.xib */; };
		A090FF941A20F9B90040A4B4 /* ERES_MAPTests.m in Sources */ = {isa = PBXBuildFile; fileRef = A090FF931A20F9B90040A4B4 /* ERES_MAPTests.m */; };
/* End PBXBuildFile section */

/* Begin PBXContainerItemProxy section */
		A090FF8E1A20F9B90040A4B4 /* PBXContainerItemProxy */ = {
			isa = PBXContainerItemProxy;
			containerPortal = A090FF6C1A20F9B90040A4B4 /* Project object */;
			proxyType = 1;
			remoteGlobalIDString = A090FF731A20F9B90040A4B4;
			remoteInfo = "ERES-MAP";
		};
/* End PBXContainerItemProxy section */

/* Begin PBXFileReference section */
		A018FAE01A303E5F0076C4A0 /* ViewController.xib */ = {isa = PBXFileReference; fileEncoding = 4; lastKnownFileType = file.xib; path = ViewController.xib; sourceTree = "<group>"; };
		A018FAE21A303F750076C4A0 /* MapKit.framework */ = {isa = PBXFileReference; lastKnownFileType = wrapper.framework; name = MapKit.framework; path = System/Library/Frameworks/MapKit.framework; sourceTree = SDKROOT; };
		A03824461A420D04000C666B /* Superpin.framework */ = {isa = PBXFileReference; lastKnownFileType = wrapper.framework; path = Superpin.framework; sourceTree = "<group>"; };
		A03824481A420D18000C666B /* SPAirport.h */ = {isa = PBXFileReference; fileEncoding = 4; lastKnownFileType = sourcecode.c.h; path = SPAirport.h; sourceTree = "<group>"; };
		A03824491A420D18000C666B /* SPAirport.m */ = {isa = PBXFileReference; fileEncoding = 4; lastKnownFileType = sourcecode.c.objc; path = SPAirport.m; sourceTree = "<group>"; };
		A038244B1A420D1E000C666B /* Airports.plist */ = {isa = PBXFileReference; lastKnownFileType = file.bplist; name = Airports.plist; path = ../Airports.plist; sourceTree = "<group>"; };
		A038244F1A42100D000C666B /* Foundation.framework */ = {isa = PBXFileReference; lastKnownFileType = wrapper.framework; name = Foundation.framework; path = System/Library/Frameworks/Foundation.framework; sourceTree = SDKROOT; };
		A03824511A421013000C666B /* CoreGraphics.framework */ = {isa = PBXFileReference; lastKnownFileType = wrapper.framework; name = CoreGraphics.framework; path = System/Library/Frameworks/CoreGraphics.framework; sourceTree = SDKROOT; };
		A03824531A421019000C666B /* UIKit.framework */ = {isa = PBXFileReference; lastKnownFileType = wrapper.framework; name = UIKit.framework; path = System/Library/Frameworks/UIKit.framework; sourceTree = SDKROOT; };
		A090FF741A20F9B90040A4B4 /* ERES-MAP.app */ = {isa = PBXFileReference; explicitFileType = wrapper.application; includeInIndex = 0; path = "ERES-MAP.app"; sourceTree = BUILT_PRODUCTS_DIR; };
		A090FF781A20F9B90040A4B4 /* Info.plist */ = {isa = PBXFileReference; lastKnownFileType = text.plist.xml; path = Info.plist; sourceTree = "<group>"; };
		A090FF791A20F9B90040A4B4 /* main.m */ = {isa = PBXFileReference; lastKnownFileType = sourcecode.c.objc; path = main.m; sourceTree = "<group>"; };
		A090FF7B1A20F9B90040A4B4 /* AppDelegate.h */ = {isa = PBXFileReference; lastKnownFileType = sourcecode.c.h; path = AppDelegate.h; sourceTree = "<group>"; };
		A090FF7C1A20F9B90040A4B4 /* AppDelegate.m */ = {isa = PBXFileReference; lastKnownFileType = sourcecode.c.objc; path = AppDelegate.m; sourceTree = "<group>"; };
		A090FF7E1A20F9B90040A4B4 /* ViewController.h */ = {isa = PBXFileReference; lastKnownFileType = sourcecode.c.h; path = ViewController.h; sourceTree = "<group>"; };
		A090FF7F1A20F9B90040A4B4 /* ViewController.m */ = {isa = PBXFileReference; lastKnownFileType = sourcecode.c.objc; path = ViewController.m; sourceTree = "<group>"; };
		A090FF841A20F9B90040A4B4 /* Images.xcassets */ = {isa = PBXFileReference; lastKnownFileType = folder.assetcatalog; path = Images.xcassets; sourceTree = "<group>"; };
		A090FF871A20F9B90040A4B4 /* Base */ = {isa = PBXFileReference; lastKnownFileType = file.xib; name = Base; path = Base.lproj/LaunchScreen.xib; sourceTree = "<group>"; };
		A090FF8D1A20F9B90040A4B4 /* ERES-MAPTests.xctest */ = {isa = PBXFileReference; explicitFileType = wrapper.cfbundle; includeInIndex = 0; path = "ERES-MAPTests.xctest"; sourceTree = BUILT_PRODUCTS_DIR; };
		A090FF921A20F9B90040A4B4 /* Info.plist */ = {isa = PBXFileReference; lastKnownFileType = text.plist.xml; path = Info.plist; sourceTree = "<group>"; };
		A090FF931A20F9B90040A4B4 /* ERES_MAPTests.m */ = {isa = PBXFileReference; lastKnownFileType = sourcecode.c.objc; path = ERES_MAPTests.m; sourceTree = "<group>"; };
/* End PBXFileReference section */

/* Begin PBXFrameworksBuildPhase section */
		A090FF711A20F9B90040A4B4 /* Frameworks */ = {
			isa = PBXFrameworksBuildPhase;
			buildActionMask = 2147483647;
			files = (
				A03824541A421019000C666B /* UIKit.framework in Frameworks */,
				A03824521A421013000C666B /* CoreGraphics.framework in Frameworks */,
				A03824501A42100D000C666B /* Foundation.framework in Frameworks */,
				A03824471A420D04000C666B /* Superpin.framework in Frameworks */,
				A018FAE31A303F750076C4A0 /* MapKit.framework in Frameworks */,
			);
			runOnlyForDeploymentPostprocessing = 0;
		};
		A090FF8A1A20F9B90040A4B4 /* Frameworks */ = {
			isa = PBXFrameworksBuildPhase;
			buildActionMask = 2147483647;
			files = (
			);
			runOnlyForDeploymentPostprocessing = 0;
		};
/* End PBXFrameworksBuildPhase section */

/* Begin PBXGroup section */
		A03824551A421077000C666B /* Resources */ = {
			isa = PBXGroup;
			children = (
				A038244B1A420D1E000C666B /* Airports.plist */,
			);
			name = Resources;
			sourceTree = "<group>";
		};
		A03824561A421259000C666B /* Frameworks */ = {
			isa = PBXGroup;
			children = (
				A03824461A420D04000C666B /* Superpin.framework */,
				A018FAE21A303F750076C4A0 /* MapKit.framework */,
				A038244F1A42100D000C666B /* Foundation.framework */,
				A03824511A421013000C666B /* CoreGraphics.framework */,
				A03824531A421019000C666B /* UIKit.framework */,
			);
			name = Frameworks;
			sourceTree = "<group>";
		};
		A090FF6B1A20F9B90040A4B4 = {
			isa = PBXGroup;
			children = (
				A03824561A421259000C666B /* Frameworks */,
				A090FF761A20F9B90040A4B4 /* ERES-MAP */,
				A090FF901A20F9B90040A4B4 /* ERES-MAPTests */,
				A090FF751A20F9B90040A4B4 /* Products */,
			);
			sourceTree = "<group>";
		};
		A090FF751A20F9B90040A4B4 /* Products */ = {
			isa = PBXGroup;
			children = (
				A090FF741A20F9B90040A4B4 /* ERES-MAP.app */,
				A090FF8D1A20F9B90040A4B4 /* ERES-MAPTests.xctest */,
			);
			name = Products;
			sourceTree = "<group>";
		};
		A090FF761A20F9B90040A4B4 /* ERES-MAP */ = {
			isa = PBXGroup;
			children = (
				A090FF7B1A20F9B90040A4B4 /* AppDelegate.h */,
				A090FF7C1A20F9B90040A4B4 /* AppDelegate.m */,
				A090FF7E1A20F9B90040A4B4 /* ViewController.h */,
				A090FF7F1A20F9B90040A4B4 /* ViewController.m */,
				A018FAE01A303E5F0076C4A0 /* ViewController.xib */,
				A03824481A420D18000C666B /* SPAirport.h */,
				A03824491A420D18000C666B /* SPAirport.m */,
				A03824551A421077000C666B /* Resources */,
				A090FF841A20F9B90040A4B4 /* Images.xcassets */,
				A090FF861A20F9B90040A4B4 /* LaunchScreen.xib */,
				A090FF771A20F9B90040A4B4 /* Supporting Files */,
			);
			path = "ERES-MAP";
			sourceTree = "<group>";
		};
		A090FF771A20F9B90040A4B4 /* Supporting Files */ = {
			isa = PBXGroup;
			children = (
				A090FF781A20F9B90040A4B4 /* Info.plist */,
				A090FF791A20F9B90040A4B4 /* main.m */,
			);
			name = "Supporting Files";
			sourceTree = "<group>";
		};
		A090FF901A20F9B90040A4B4 /* ERES-MAPTests */ = {
			isa = PBXGroup;
			children = (
				A090FF931A20F9B90040A4B4 /* ERES_MAPTests.m */,
				A090FF911A20F9B90040A4B4 /* Supporting Files */,
			);
			path = "ERES-MAPTests";
			sourceTree = "<group>";
		};
		A090FF911A20F9B90040A4B4 /* Supporting Files */ = {
			isa = PBXGroup;
			children = (
				A090FF921A20F9B90040A4B4 /* Info.plist */,
			);
			name = "Supporting Files";
			sourceTree = "<group>";
		};
/* End PBXGroup section */

/* Begin PBXNativeTarget section */
		A090FF731A20F9B90040A4B4 /* ERES-MAP */ = {
			isa = PBXNativeTarget;
			buildConfigurationList = A090FF971A20F9B90040A4B4 /* Build configuration list for PBXNativeTarget "ERES-MAP" */;
			buildPhases = (
				A090FF701A20F9B90040A4B4 /* Sources */,
				A090FF711A20F9B90040A4B4 /* Frameworks */,
				A090FF721A20F9B90040A4B4 /* Resources */,
			);
			buildRules = (
			);
			dependencies = (
			);
			name = "ERES-MAP";
			productName = "ERES-MAP";
			productReference = A090FF741A20F9B90040A4B4 /* ERES-MAP.app */;
			productType = "com.apple.product-type.application";
		};
		A090FF8C1A20F9B90040A4B4 /* ERES-MAPTests */ = {
			isa = PBXNativeTarget;
			buildConfigurationList = A090FF9A1A20F9B90040A4B4 /* Build configuration list for PBXNativeTarget "ERES-MAPTests" */;
			buildPhases = (
				A090FF891A20F9B90040A4B4 /* Sources */,
				A090FF8A1A20F9B90040A4B4 /* Frameworks */,
				A090FF8B1A20F9B90040A4B4 /* Resources */,
			);
			buildRules = (
			);
			dependencies = (
				A090FF8F1A20F9B90040A4B4 /* PBXTargetDependency */,
			);
			name = "ERES-MAPTests";
			productName = "ERES-MAPTests";
			productReference = A090FF8D1A20F9B90040A4B4 /* ERES-MAPTests.xctest */;
			productType = "com.apple.product-type.bundle.unit-test";
		};
/* End PBXNativeTarget section */

/* Begin PBXProject section */
		A090FF6C1A20F9B90040A4B4 /* Project object */ = {
			isa = PBXProject;
			attributes = {
				LastUpgradeCheck = 0610;
				ORGANIZATIONNAME = DLD;
				TargetAttributes = {
					A090FF731A20F9B90040A4B4 = {
						CreatedOnToolsVersion = 6.1;
					};
					A090FF8C1A20F9B90040A4B4 = {
						CreatedOnToolsVersion = 6.1;
						TestTargetID = A090FF731A20F9B90040A4B4;
					};
				};
			};
			buildConfigurationList = A090FF6F1A20F9B90040A4B4 /* Build configuration list for PBXProject "ERES-MAP" */;
			compatibilityVersion = "Xcode 3.2";
			developmentRegion = English;
			hasScannedForEncodings = 0;
			knownRegions = (
				en,
				Base,
			);
			mainGroup = A090FF6B1A20F9B90040A4B4;
			productRefGroup = A090FF751A20F9B90040A4B4 /* Products */;
			projectDirPath = "";
			projectRoot = "";
			targets = (
				A090FF731A20F9B90040A4B4 /* ERES-MAP */,
				A090FF8C1A20F9B90040A4B4 /* ERES-MAPTests */,
			);
		};
/* End PBXProject section */

/* Begin PBXResourcesBuildPhase section */
		A090FF721A20F9B90040A4B4 /* Resources */ = {
			isa = PBXResourcesBuildPhase;
			buildActionMask = 2147483647;
			files = (
				A038244C1A420D1E000C666B /* Airports.plist in Resources */,
				A090FF881A20F9B90040A4B4 /* LaunchScreen.xib in Resources */,
				A018FAE11A303E5F0076C4A0 /* ViewController.xib in Resources */,
				A090FF851A20F9B90040A4B4 /* Images.xcassets in Resources */,
			);
			runOnlyForDeploymentPostprocessing = 0;
		};
		A090FF8B1A20F9B90040A4B4 /* Resources */ = {
			isa = PBXResourcesBuildPhase;
			buildActionMask = 2147483647;
			files = (
			);
			runOnlyForDeploymentPostprocessing = 0;
		};
/* End PBXResourcesBuildPhase section */

/* Begin PBXSourcesBuildPhase section */
		A090FF701A20F9B90040A4B4 /* Sources */ = {
			isa = PBXSourcesBuildPhase;
			buildActionMask = 2147483647;
			files = (
				A090FF801A20F9B90040A4B4 /* ViewController.m in Sources */,
				A090FF7D1A20F9B90040A4B4 /* AppDelegate.m in Sources */,
				A038244A1A420D18000C666B /* SPAirport.m in Sources */,
				A090FF7A1A20F9B90040A4B4 /* main.m in Sources */,
			);
			runOnlyForDeploymentPostprocessing = 0;
		};
		A090FF891A20F9B90040A4B4 /* Sources */ = {
			isa = PBXSourcesBuildPhase;
			buildActionMask = 2147483647;
			files = (
				A090FF941A20F9B90040A4B4 /* ERES_MAPTests.m in Sources */,
			);
			runOnlyForDeploymentPostprocessing = 0;
		};
/* End PBXSourcesBuildPhase section */

/* Begin PBXTargetDependency section */
		A090FF8F1A20F9B90040A4B4 /* PBXTargetDependency */ = {
			isa = PBXTargetDependency;
			target = A090FF731A20F9B90040A4B4 /* ERES-MAP */;
			targetProxy = A090FF8E1A20F9B90040A4B4 /* PBXContainerItemProxy */;
		};
/* End PBXTargetDependency section */

/* Begin PBXVariantGroup section */
		A090FF861A20F9B90040A4B4 /* LaunchScreen.xib */ = {
			isa = PBXVariantGroup;
			children = (
				A090FF871A20F9B90040A4B4 /* Base */,
			);
			name = LaunchScreen.xib;
			sourceTree = "<group>";
		};
/* End PBXVariantGroup section */

/* Begin XCBuildConfiguration section */
		A090FF951A20F9B90040A4B4 /* Debug */ = {
			isa = XCBuildConfiguration;
			buildSettings = {
				ALWAYS_SEARCH_USER_PATHS = NO;
				CLANG_CXX_LANGUAGE_STANDARD = "gnu++0x";
				CLANG_CXX_LIBRARY = "libc++";
				CLANG_ENABLE_MODULES = YES;
				CLANG_ENABLE_OBJC_ARC = YES;
				CLANG_WARN_BOOL_CONVERSION = YES;
				CLANG_WARN_CONSTANT_CONVERSION = YES;
				CLANG_WARN_DIRECT_OBJC_ISA_USAGE = YES_ERROR;
				CLANG_WARN_EMPTY_BODY = YES;
				CLANG_WARN_ENUM_CONVERSION = YES;
				CLANG_WARN_INT_CONVERSION = YES;
				CLANG_WARN_OBJC_ROOT_CLASS = YES_ERROR;
				CLANG_WARN_UNREACHABLE_CODE = YES;
				CLANG_WARN__DUPLICATE_METHOD_MATCH = YES;
				"CODE_SIGN_IDENTITY[sdk=iphoneos*]" = "iPhone Developer";
				COPY_PHASE_STRIP = NO;
				ENABLE_STRICT_OBJC_MSGSEND = YES;
				GCC_C_LANGUAGE_STANDARD = gnu99;
				GCC_DYNAMIC_NO_PIC = NO;
				GCC_OPTIMIZATION_LEVEL = 0;
				GCC_PREPROCESSOR_DEFINITIONS = (
					"DEBUG=1",
					"$(inherited)",
				);
				GCC_SYMBOLS_PRIVATE_EXTERN = NO;
				GCC_WARN_64_TO_32_BIT_CONVERSION = YES;
				GCC_WARN_ABOUT_RETURN_TYPE = YES_ERROR;
				GCC_WARN_UNDECLARED_SELECTOR = YES;
				GCC_WARN_UNINITIALIZED_AUTOS = YES_AGGRESSIVE;
				GCC_WARN_UNUSED_FUNCTION = YES;
				GCC_WARN_UNUSED_VARIABLE = YES;
				IPHONEOS_DEPLOYMENT_TARGET = 7.0;
				MTL_ENABLE_DEBUG_INFO = YES;
				ONLY_ACTIVE_ARCH = YES;
				SDKROOT = iphoneos;
			};
			name = Debug;
		};
		A090FF961A20F9B90040A4B4 /* Release */ = {
			isa = XCBuildConfiguration;
			buildSettings = {
				ALWAYS_SEARCH_USER_PATHS = NO;
				CLANG_CXX_LANGUAGE_STANDARD = "gnu++0x";
				CLANG_CXX_LIBRARY = "libc++";
				CLANG_ENABLE_MODULES = YES;
				CLANG_ENABLE_OBJC_ARC = YES;
				CLANG_WARN_BOOL_CONVERSION = YES;
				CLANG_WARN_CONSTANT_CONVERSION = YES;
				CLANG_WARN_DIRECT_OBJC_ISA_USAGE = YES_ERROR;
				CLANG_WARN_EMPTY_BODY = YES;
				CLANG_WARN_ENUM_CONVERSION = YES;
				CLANG_WARN_INT_CONVERSION = YES;
				CLANG_WARN_OBJC_ROOT_CLASS = YES_ERROR;
				CLANG_WARN_UNREACHABLE_CODE = YES;
				CLANG_WARN__DUPLICATE_METHOD_MATCH = YES;
				"CODE_SIGN_IDENTITY[sdk=iphoneos*]" = "iPhone Developer";
				COPY_PHASE_STRIP = YES;
				ENABLE_NS_ASSERTIONS = NO;
				ENABLE_STRICT_OBJC_MSGSEND = YES;
				GCC_C_LANGUAGE_STANDARD = gnu99;
				GCC_WARN_64_TO_32_BIT_CONVERSION = YES;
				GCC_WARN_ABOUT_RETURN_TYPE = YES_ERROR;
				GCC_WARN_UNDECLARED_SELECTOR = YES;
				GCC_WARN_UNINITIALIZED_AUTOS = YES_AGGRESSIVE;
				GCC_WARN_UNUSED_FUNCTION = YES;
				GCC_WARN_UNUSED_VARIABLE = YES;
				IPHONEOS_DEPLOYMENT_TARGET = 7.0;
				MTL_ENABLE_DEBUG_INFO = NO;
				SDKROOT = iphoneos;
				VALIDATE_PRODUCT = YES;
			};
			name = Release;
		};
		A090FF981A20F9B90040A4B4 /* Debug */ = {
			isa = XCBuildConfiguration;
			buildSettings = {
				ASSETCATALOG_COMPILER_APPICON_NAME = AppIcon;
				FRAMEWORK_SEARCH_PATHS = (
					"$(inherited)",
					"$(PROJECT_DIR)",
				);
				INFOPLIST_FILE = "ERES-MAP/Info.plist";
				LD_RUNPATH_SEARCH_PATHS = "$(inherited) @executable_path/Frameworks";
				OTHER_LDFLAGS = (
					"-all_load",
					"-ObjC",
				);
				PRODUCT_NAME = "$(TARGET_NAME)";
			};
			name = Debug;
		};
		A090FF991A20F9B90040A4B4 /* Release */ = {
			isa = XCBuildConfiguration;
			buildSettings = {
				ASSETCATALOG_COMPILER_APPICON_NAME = AppIcon;
				FRAMEWORK_SEARCH_PATHS = (
					"$(inherited)",
					"$(PROJECT_DIR)",
				);
				INFOPLIST_FILE = "ERES-MAP/Info.plist";
				LD_RUNPATH_SEARCH_PATHS = "$(inherited) @executable_path/Frameworks";
				OTHER_LDFLAGS = (
					"-all_load",
					"-ObjC",
				);
				PRODUCT_NAME = "$(TARGET_NAME)";
			};
			name = Release;
		};
		A090FF9B1A20F9B90040A4B4 /* Debug */ = {
			isa = XCBuildConfiguration;
			buildSettings = {
				BUNDLE_LOADER = "$(TEST_HOST)";
				FRAMEWORK_SEARCH_PATHS = (
					"$(SDKROOT)/Developer/Library/Frameworks",
					"$(inherited)",
				);
				GCC_PREPROCESSOR_DEFINITIONS = (
					"DEBUG=1",
					"$(inherited)",
				);
				INFOPLIST_FILE = "ERES-MAPTests/Info.plist";
				LD_RUNPATH_SEARCH_PATHS = "$(inherited) @executable_path/Frameworks @loader_path/Frameworks";
				PRODUCT_NAME = "$(TARGET_NAME)";
				TEST_HOST = "$(BUILT_PRODUCTS_DIR)/ERES-MAP.app/ERES-MAP";
			};
			name = Debug;
		};
		A090FF9C1A20F9B90040A4B4 /* Release */ = {
			isa = XCBuildConfiguration;
			buildSettings = {
				BUNDLE_LOADER = "$(TEST_HOST)";
				FRAMEWORK_SEARCH_PATHS = (
					"$(SDKROOT)/Developer/Library/Frameworks",
					"$(inherited)",
				);
				INFOPLIST_FILE = "ERES-MAPTests/Info.plist";
				LD_RUNPATH_SEARCH_PATHS = "$(inherited) @executable_path/Frameworks @loader_path/Frameworks";
				PRODUCT_NAME = "$(TARGET_NAME)";
				TEST_HOST = "$(BUILT_PRODUCTS_DIR)/ERES-MAP.app/ERES-MAP";
			};
			name = Release;
		};
/* End XCBuildConfiguration section */

/* Begin XCConfigurationList section */
		A090FF6F1A20F9B90040A4B4 /* Build configuration list for PBXProject "ERES-MAP" */ = {
			isa = XCConfigurationList;
			buildConfigurations = (
				A090FF951A20F9B90040A4B4 /* Debug */,
				A090FF961A20F9B90040A4B4 /* Release */,
			);
			defaultConfigurationIsVisible = 0;
			defaultConfigurationName = Release;
		};
		A090FF971A20F9B90040A4B4 /* Build configuration list for PBXNativeTarget "ERES-MAP" */ = {
			isa = XCConfigurationList;
			buildConfigurations = (
				A090FF981A20F9B90040A4B4 /* Debug */,
				A090FF991A20F9B90040A4B4 /* Release */,
			);
			defaultConfigurationIsVisible = 0;
			defaultConfigurationName = Release;
		};
		A090FF9A1A20F9B90040A4B4 /* Build configuration list for PBXNativeTarget "ERES-MAPTests" */ = {
			isa = XCConfigurationList;
			buildConfigurations = (
				A090FF9B1A20F9B90040A4B4 /* Debug */,
				A090FF9C1A20F9B90040A4B4 /* Release */,
			);
			defaultConfigurationIsVisible = 0;
			defaultConfigurationName = Release;
		};
/* End XCConfigurationList section */
	};
	rootObject = A090FF6C1A20F9B90040A4B4 /* Project object */;
}
